
Microsoft Visual Studio Solution File, Format Version 12.00
# Visual Studio Version 17
VisualStudioVersion = 17.11.35312.102
MinimumVisualStudioVersion = 10.0.40219.1
Project("{FAE04EC0-301F-11D3-BF4B-00C04F79EFBC}") = "FinalApi.Api", "FinalApi.Api\FinalApi.Api.csproj", "{6801CBDE-110A-4033-BED9-BB81884320BF}"
EndProject
Project("{FAE04EC0-301F-11D3-BF4B-00C04F79EFBC}") = "FinalApi.Dal", "FinalApi.Dal\FinalApi.Dal.csproj", "{9052D36D-A17B-4241-9E52-6FF9406B0746}"
EndProject
Project("{FAE04EC0-301F-11D3-BF4B-00C04F79EFBC}") = "FinalApi.BL", "FinalApi.BL\FinalApi.BL.csproj", "{88F54040-0E9D-44B5-A21A-73B23ECF824F}"
EndProject
Project("{FAE04EC0-301F-11D3-BF4B-00C04F79EFBC}") = "FinalApi.Model", "FinalApi.Model\FinalApi.Model.csproj", "{1FAEAF7E-1D5D-4117-96F5-78ACA90EC8F8}"
EndProject
Project("{FAE04EC0-301F-11D3-BF4B-00C04F79EFBC}") = "Infrastructure", "Infrastructure\Infrastructure.csproj", "{8F3C5872-1AFE-475D-97DC-3FE6AD33BD19}"
EndProject
Global
	GlobalSection(SolutionConfigurationPlatforms) = preSolution
		Debug|Any CPU = Debug|Any CPU
		Release|Any CPU = Release|Any CPU
	EndGlobalSection
	GlobalSection(ProjectConfigurationPlatforms) = postSolution
		{6801CBDE-110A-4033-BED9-BB81884320BF}.Debug|Any CPU.ActiveCfg = Debug|Any CPU
		{6801CBDE-110A-4033-BED9-BB81884320BF}.Debug|Any CPU.Build.0 = Debug|Any CPU
		{6801CBDE-110A-4033-BED9-BB81884320BF}.Release|Any CPU.ActiveCfg = Release|Any CPU
		{6801CBDE-110A-4033-BED9-BB81884320BF}.Release|Any CPU.Build.0 = Release|Any CPU
		{9052D36D-A17B-4241-9E52-6FF9406B0746}.Debug|Any CPU.ActiveCfg = Debug|Any CPU
		{9052D36D-A17B-4241-9E52-6FF9406B0746}.Debug|Any CPU.Build.0 = Debug|Any CPU
		{9052D36D-A17B-4241-9E52-6FF9406B0746}.Release|Any CPU.ActiveCfg = Release|Any CPU
		{9052D36D-A17B-4241-9E52-6FF9406B0746}.Release|Any CPU.Build.0 = Release|Any CPU
		{88F54040-0E9D-44B5-A21A-73B23ECF824F}.Debug|Any CPU.ActiveCfg = Debug|Any CPU
		{88F54040-0E9D-44B5-A21A-73B23ECF824F}.Debug|Any CPU.Build.0 = Debug|Any CPU
		{88F54040-0E9D-44B5-A21A-73B23ECF824F}.Release|Any CPU.ActiveCfg = Release|Any CPU
		{88F54040-0E9D-44B5-A21A-73B23ECF824F}.Release|Any CPU.Build.0 = Release|Any CPU
		{1FAEAF7E-1D5D-4117-96F5-78ACA90EC8F8}.Debug|Any CPU.ActiveCfg = Debug|Any CPU
		{1FAEAF7E-1D5D-4117-96F5-78ACA90EC8F8}.Debug|Any CPU.Build.0 = Debug|Any CPU
		{1FAEAF7E-1D5D-4117-96F5-78ACA90EC8F8}.Release|Any CPU.ActiveCfg = Release|Any CPU
		{1FAEAF7E-1D5D-4117-96F5-78ACA90EC8F8}.Release|Any CPU.Build.0 = Release|Any CPU
		{8F3C5872-1AFE-475D-97DC-3FE6AD33BD19}.Debug|Any CPU.ActiveCfg = Debug|Any CPU
		{8F3C5872-1AFE-475D-97DC-3FE6AD33BD19}.Debug|Any CPU.Build.0 = Debug|Any CPU
		{8F3C5872-1AFE-475D-97DC-3FE6AD33BD19}.Release|Any CPU.ActiveCfg = Release|Any CPU
		{8F3C5872-1AFE-475D-97DC-3FE6AD33BD19}.Release|Any CPU.Build.0 = Release|Any CPU
	EndGlobalSection
	GlobalSection(SolutionProperties) = preSolution
		HideSolutionNode = FALSE
	EndGlobalSection
	GlobalSection(ExtensibilityGlobals) = postSolution
		SolutionGuid = {ADED2A11-D8DA-4B3C-A7A7-8EAF4988AE6B}
	EndGlobalSection
EndGlobal
