
Microsoft Visual Studio Solution File, Format Version 12.00
# Visual Studio Version 17
VisualStudioVersion = 17.10.35027.167
MinimumVisualStudioVersion = 10.0.40219.1
Project("{9A19103F-16F7-4668-BE54-9A1E7A4F7556}") = "FinalProjectTest.PL", "FinalProjectTest.PL\FinalProjectTest.PL.csproj", "{A9D90E05-AD91-45E9-9048-FC7E3DAB514C}"
EndProject
Project("{9A19103F-16F7-4668-BE54-9A1E7A4F7556}") = "FinalProjectTest.BL", "FinalProjectTest.BL\FinalProjectTest.BL.csproj", "{18195D03-AC56-4AF5-B859-005FF8CC6E84}"
EndProject
Project("{9A19103F-16F7-4668-BE54-9A1E7A4F7556}") = "FinalProjectTest.DAL", "FinalProjectTest.DAL\FinalProjectTest.DAL.csproj", "{7D9BB3A6-CE6A-46CF-9B15-CB259FDFF3C2}"
EndProject
Project("{9A19103F-16F7-4668-BE54-9A1E7A4F7556}") = "FinalProjectTest.Model", "FinalProjectTest.Model\FinalProjectTest.Model.csproj", "{5799982E-A1FE-4CD8-95F6-30033FB0471B}"
EndProject
Project("{FAE04EC0-301F-11D3-BF4B-00C04F79EFBC}") = "Infrastructure", "Infrastructure\Infrastructure.csproj", "{1140BA7D-E63A-4971-9D26-FA6142A37369}"
EndProject
Global
	GlobalSection(SolutionConfigurationPlatforms) = preSolution
		Debug|Any CPU = Debug|Any CPU
		Release|Any CPU = Release|Any CPU
	EndGlobalSection
	GlobalSection(ProjectConfigurationPlatforms) = postSolution
		{A9D90E05-AD91-45E9-9048-FC7E3DAB514C}.Debug|Any CPU.ActiveCfg = Debug|Any CPU
		{A9D90E05-AD91-45E9-9048-FC7E3DAB514C}.Debug|Any CPU.Build.0 = Debug|Any CPU
		{A9D90E05-AD91-45E9-9048-FC7E3DAB514C}.Release|Any CPU.ActiveCfg = Release|Any CPU
		{A9D90E05-AD91-45E9-9048-FC7E3DAB514C}.Release|Any CPU.Build.0 = Release|Any CPU
		{18195D03-AC56-4AF5-B859-005FF8CC6E84}.Debug|Any CPU.ActiveCfg = Debug|Any CPU
		{18195D03-AC56-4AF5-B859-005FF8CC6E84}.Debug|Any CPU.Build.0 = Debug|Any CPU
		{18195D03-AC56-4AF5-B859-005FF8CC6E84}.Release|Any CPU.ActiveCfg = Release|Any CPU
		{18195D03-AC56-4AF5-B859-005FF8CC6E84}.Release|Any CPU.Build.0 = Release|Any CPU
		{7D9BB3A6-CE6A-46CF-9B15-CB259FDFF3C2}.Debug|Any CPU.ActiveCfg = Debug|Any CPU
		{7D9BB3A6-CE6A-46CF-9B15-CB259FDFF3C2}.Debug|Any CPU.Build.0 = Debug|Any CPU
		{7D9BB3A6-CE6A-46CF-9B15-CB259FDFF3C2}.Release|Any CPU.ActiveCfg = Release|Any CPU
		{7D9BB3A6-CE6A-46CF-9B15-CB259FDFF3C2}.Release|Any CPU.Build.0 = Release|Any CPU
		{5799982E-A1FE-4CD8-95F6-30033FB0471B}.Debug|Any CPU.ActiveCfg = Debug|Any CPU
		{5799982E-A1FE-4CD8-95F6-30033FB0471B}.Debug|Any CPU.Build.0 = Debug|Any CPU
		{5799982E-A1FE-4CD8-95F6-30033FB0471B}.Release|Any CPU.ActiveCfg = Release|Any CPU
		{5799982E-A1FE-4CD8-95F6-30033FB0471B}.Release|Any CPU.Build.0 = Release|Any CPU
		{1140BA7D-E63A-4971-9D26-FA6142A37369}.Debug|Any CPU.ActiveCfg = Debug|Any CPU
		{1140BA7D-E63A-4971-9D26-FA6142A37369}.Debug|Any CPU.Build.0 = Debug|Any CPU
		{1140BA7D-E63A-4971-9D26-FA6142A37369}.Release|Any CPU.ActiveCfg = Release|Any CPU
		{1140BA7D-E63A-4971-9D26-FA6142A37369}.Release|Any CPU.Build.0 = Release|Any CPU
	EndGlobalSection
	GlobalSection(SolutionProperties) = preSolution
		HideSolutionNode = FALSE
	EndGlobalSection
	GlobalSection(ExtensibilityGlobals) = postSolution
		SolutionGuid = {7D35830C-D2C6-4422-8D87-FA819A5E94EA}
	EndGlobalSection
EndGlobal
